
Microsoft Visual Studio Solution File, Format Version 12.00
# Visual Studio Version 16
VisualStudioVersion = 16.0.30413.136
MinimumVisualStudioVersion = 10.0.40219.1
Project("{9A19103F-16F7-4668-BE54-9A1E7A4F7556}") = "CMDbAPI", "CMDbAPI\CMDbAPI.csproj", "{F9B20640-2336-43C8-A8E6-B4185D1042E4}"
EndProject
Project("{2150E333-8FDC-42A3-9474-1A3956D46DE8}") = "wwwroot", "wwwroot", "{821992A3-AD9D-4C74-BC4F-01E27AA67E54}"
EndProject
Global
	GlobalSection(SolutionConfigurationPlatforms) = preSolution
		Debug|Any CPU = Debug|Any CPU
		Release|Any CPU = Release|Any CPU
	EndGlobalSection
	GlobalSection(ProjectConfigurationPlatforms) = postSolution
		{F9B20640-2336-43C8-A8E6-B4185D1042E4}.Debug|Any CPU.ActiveCfg = Debug|Any CPU
		{F9B20640-2336-43C8-A8E6-B4185D1042E4}.Debug|Any CPU.Build.0 = Debug|Any CPU
		{F9B20640-2336-43C8-A8E6-B4185D1042E4}.Release|Any CPU.ActiveCfg = Release|Any CPU
		{F9B20640-2336-43C8-A8E6-B4185D1042E4}.Release|Any CPU.Build.0 = Release|Any CPU
	EndGlobalSection
	GlobalSection(SolutionProperties) = preSolution
		HideSolutionNode = FALSE
	EndGlobalSection
	GlobalSection(ExtensibilityGlobals) = postSolution
		SolutionGuid = {29F0D23C-00C8-4675-A6C5-B74FF7C8628B}
	EndGlobalSection
EndGlobal
